
Microsoft Visual Studio Solution File, Format Version 12.00
# Visual Studio Version 16
VisualStudioVersion = 16.0.30517.126
MinimumVisualStudioVersion = 10.0.40219.1
Project("{FAE04EC0-301F-11D3-BF4B-00C04F79EFBC}") = "Convertidor", "Convertidor\Convertidor.csproj", "{201C3BC9-AEA1-4287-9038-CC0120080681}"
EndProject
Global
	GlobalSection(SolutionConfigurationPlatforms) = preSolution
		Debug|Any CPU = Debug|Any CPU
		Release|Any CPU = Release|Any CPU
	EndGlobalSection
	GlobalSection(ProjectConfigurationPlatforms) = postSolution
		{201C3BC9-AEA1-4287-9038-CC0120080681}.Debug|Any CPU.ActiveCfg = Debug|Any CPU
		{201C3BC9-AEA1-4287-9038-CC0120080681}.Debug|Any CPU.Build.0 = Debug|Any CPU
		{201C3BC9-AEA1-4287-9038-CC0120080681}.Release|Any CPU.ActiveCfg = Release|Any CPU
		{201C3BC9-AEA1-4287-9038-CC0120080681}.Release|Any CPU.Build.0 = Release|Any CPU
	EndGlobalSection
	GlobalSection(SolutionProperties) = preSolution
		HideSolutionNode = FALSE
	EndGlobalSection
	GlobalSection(ExtensibilityGlobals) = postSolution
		SolutionGuid = {63C7C095-C4CF-4DF1-8A71-EC98FB504D9B}
	EndGlobalSection
EndGlobal
